
Microsoft Visual Studio Solution File, Format Version 12.00
# Visual Studio 2012
Project("{FAE04EC0-301F-11D3-BF4B-00C04F79EFBC}") = "ConsoleApplication2", "ConsoleApplication2\ConsoleApplication2.csproj", "{CE5D5AB3-D3A4-4DBC-8C93-0E2E71FD5041}"
EndProject
Project("{FAE04EC0-301F-11D3-BF4B-00C04F79EFBC}") = "web", "web\web.csproj", "{EA4BF082-585B-4EB1-A389-57F7B802719B}"
EndProject
Global
	GlobalSection(SolutionConfigurationPlatforms) = preSolution
		Debug|Any CPU = Debug|Any CPU
		Release|Any CPU = Release|Any CPU
	EndGlobalSection
	GlobalSection(ProjectConfigurationPlatforms) = postSolution
		{CE5D5AB3-D3A4-4DBC-8C93-0E2E71FD5041}.Debug|Any CPU.ActiveCfg = Debug|Any CPU
		{CE5D5AB3-D3A4-4DBC-8C93-0E2E71FD5041}.Debug|Any CPU.Build.0 = Debug|Any CPU
		{CE5D5AB3-D3A4-4DBC-8C93-0E2E71FD5041}.Release|Any CPU.ActiveCfg = Release|Any CPU
		{CE5D5AB3-D3A4-4DBC-8C93-0E2E71FD5041}.Release|Any CPU.Build.0 = Release|Any CPU
		{EA4BF082-585B-4EB1-A389-57F7B802719B}.Debug|Any CPU.ActiveCfg = Debug|Any CPU
		{EA4BF082-585B-4EB1-A389-57F7B802719B}.Debug|Any CPU.Build.0 = Debug|Any CPU
		{EA4BF082-585B-4EB1-A389-57F7B802719B}.Release|Any CPU.ActiveCfg = Release|Any CPU
		{EA4BF082-585B-4EB1-A389-57F7B802719B}.Release|Any CPU.Build.0 = Release|Any CPU
	EndGlobalSection
	GlobalSection(SolutionProperties) = preSolution
		HideSolutionNode = FALSE
	EndGlobalSection
EndGlobal
